
Microsoft Visual Studio Solution File, Format Version 12.00
# Visual Studio Version 17
VisualStudioVersion = 17.12.35728.132 d17.12
MinimumVisualStudioVersion = 10.0.40219.1
Project("{FAE04EC0-301F-11D3-BF4B-00C04F79EFBC}") = "CarAppUpd", "CarAppUpd.csproj", "{92C6D01D-E40F-41BA-9A05-5A15F131BBE3}"
EndProject
Global
	GlobalSection(SolutionConfigurationPlatforms) = preSolution
		Debug|Any CPU = Debug|Any CPU
		Release|Any CPU = Release|Any CPU
	EndGlobalSection
	GlobalSection(ProjectConfigurationPlatforms) = postSolution
		{92C6D01D-E40F-41BA-9A05-5A15F131BBE3}.Debug|Any CPU.ActiveCfg = Debug|Any CPU
		{92C6D01D-E40F-41BA-9A05-5A15F131BBE3}.Debug|Any CPU.Build.0 = Debug|Any CPU
		{92C6D01D-E40F-41BA-9A05-5A15F131BBE3}.Release|Any CPU.ActiveCfg = Release|Any CPU
		{92C6D01D-E40F-41BA-9A05-5A15F131BBE3}.Release|Any CPU.Build.0 = Release|Any CPU
	EndGlobalSection
	GlobalSection(SolutionProperties) = preSolution
		HideSolutionNode = FALSE
	EndGlobalSection
EndGlobal
